
Microsoft Visual Studio Solution File, Format Version 12.00
# Visual Studio 15
Project("{FAE04EC0-301F-11D3-BF4B-00C04F79EFBC}") = "Assembly-CSharp", "Assembly-CSharp.csproj", "{5D2F4F1B-352D-BB3C-0AD2-25DD5BDF8954}"
EndProject
Project("{FAE04EC0-301F-11D3-BF4B-00C04F79EFBC}") = "Assembly-CSharp-firstpass", "Assembly-CSharp-firstpass.csproj", "{1A0196B1-9AAA-DE1B-4DC2-2F3EE5235797}"
EndProject
Project("{FAE04EC0-301F-11D3-BF4B-00C04F79EFBC}") = "Assembly-CSharp-Editor-firstpass", "Assembly-CSharp-Editor-firstpass.csproj", "{04DC90CB-4AFA-FB62-5283-487482DC652C}"
EndProject
Global
	GlobalSection(SolutionConfigurationPlatforms) = preSolution
		Debug|Any CPU = Debug|Any CPU
		Release|Any CPU = Release|Any CPU
	EndGlobalSection
	GlobalSection(ProjectConfigurationPlatforms) = postSolution
		{5D2F4F1B-352D-BB3C-0AD2-25DD5BDF8954}.Debug|Any CPU.ActiveCfg = Debug|Any CPU
		{5D2F4F1B-352D-BB3C-0AD2-25DD5BDF8954}.Debug|Any CPU.Build.0 = Debug|Any CPU
		{5D2F4F1B-352D-BB3C-0AD2-25DD5BDF8954}.Release|Any CPU.ActiveCfg = Release|Any CPU
		{5D2F4F1B-352D-BB3C-0AD2-25DD5BDF8954}.Release|Any CPU.Build.0 = Release|Any CPU
		{1A0196B1-9AAA-DE1B-4DC2-2F3EE5235797}.Debug|Any CPU.ActiveCfg = Debug|Any CPU
		{1A0196B1-9AAA-DE1B-4DC2-2F3EE5235797}.Debug|Any CPU.Build.0 = Debug|Any CPU
		{1A0196B1-9AAA-DE1B-4DC2-2F3EE5235797}.Release|Any CPU.ActiveCfg = Release|Any CPU
		{1A0196B1-9AAA-DE1B-4DC2-2F3EE5235797}.Release|Any CPU.Build.0 = Release|Any CPU
		{04DC90CB-4AFA-FB62-5283-487482DC652C}.Debug|Any CPU.ActiveCfg = Debug|Any CPU
		{04DC90CB-4AFA-FB62-5283-487482DC652C}.Debug|Any CPU.Build.0 = Debug|Any CPU
		{04DC90CB-4AFA-FB62-5283-487482DC652C}.Release|Any CPU.ActiveCfg = Release|Any CPU
		{04DC90CB-4AFA-FB62-5283-487482DC652C}.Release|Any CPU.Build.0 = Release|Any CPU
	EndGlobalSection
	GlobalSection(SolutionProperties) = preSolution
		HideSolutionNode = FALSE
	EndGlobalSection
EndGlobal
